
Microsoft Visual Studio Solution File, Format Version 12.00
# Visual Studio Version 18
VisualStudioVersion = 18.8.12009.203
MinimumVisualStudioVersion = 10.0.40219.1
Project("{2150E333-8FDC-42A3-9474-1A3956D46DE8}") = "Services", "Services", "{02EA681E-C7D8-13C7-8484-4AC65E1B71E8}"
EndProject
Project("{2150E333-8FDC-42A3-9474-1A3956D46DE8}") = "Catalog", "Catalog", "{2AA0F7D2-6011-4838-8A25-8A09365F319F}"
EndProject
Project("{FAE04EC0-301F-11D3-BF4B-00C04F79EFBC}") = "Catalog.Api", "Services\Catalog\Catalog.Api\Catalog.Api.csproj", "{69F606F0-CF51-4A43-B1AD-B44A7C2E4363}"
EndProject
Project("{2150E333-8FDC-42A3-9474-1A3956D46DE8}") = "BuildingBlocks", "BuildingBlocks", "{D6D2A771-B7B2-42A9-8D6E-5A3A577202FD}"
EndProject
Project("{FAE04EC0-301F-11D3-BF4B-00C04F79EFBC}") = "BuildingBlocks", "BuildingBlocks\BuildingBlocks\BuildingBlocks.csproj", "{3423F9F7-9D05-4562-A64E-5094B6211146}"
EndProject
Project("{E53339B2-1760-4266-BCC7-CA923CBCF16C}") = "docker-compose", "docker-compose.dcproj", "{81DDED9D-158B-E303-5F62-77A2896D2A5A}"
EndProject
Project("{2150E333-8FDC-42A3-9474-1A3956D46DE8}") = "Basket", "Basket", "{078AF7F6-5E9C-431D-BE7F-F30A51C6A939}"
EndProject
Project("{FAE04EC0-301F-11D3-BF4B-00C04F79EFBC}") = "Basket.API", "Services\Basket\Basket.API\Basket.API.csproj", "{21801CF1-84A9-4A3D-A590-D29B11F66F0E}"
EndProject
Project("{2150E333-8FDC-42A3-9474-1A3956D46DE8}") = "Discount", "Discount", "{79BBCFE1-E5AF-4A7D-8BB0-09ACA95ADAFF}"
EndProject
Project("{FAE04EC0-301F-11D3-BF4B-00C04F79EFBC}") = "Discount.Grpc", "Services\Discount.Grpc\Discount.Grpc\Discount.Grpc.csproj", "{F19A647F-266C-4E8B-BCD1-2F00C42C9AE2}"
EndProject
Project("{2150E333-8FDC-42A3-9474-1A3956D46DE8}") = "Ordering", "Ordering", "{C6058FB2-429A-4E65-A8B3-9C6E8EA182A2}"
EndProject
Project("{FAE04EC0-301F-11D3-BF4B-00C04F79EFBC}") = "Ordering.Api", "Services\Ordering\Ordering.Api\Ordering.Api.csproj", "{6F8BCD24-B7BA-4AD9-AB19-C3F73DF492C3}"
EndProject
Project("{FAE04EC0-301F-11D3-BF4B-00C04F79EFBC}") = "Ordering.Domain", "Services\Ordering\Ordering.Domain\Ordering.Domain.csproj", "{E030BE66-3AC6-46B0-BEE1-A21673F0D267}"
EndProject
Project("{FAE04EC0-301F-11D3-BF4B-00C04F79EFBC}") = "Ordering.Infrastructure", "Services\Ordering\Ordering.Infrastructure\Ordering.Infrastructure.csproj", "{13E6E7D0-DB5D-4AFE-A2D7-FE572888159C}"
EndProject
Project("{FAE04EC0-301F-11D3-BF4B-00C04F79EFBC}") = "Ordering.Application", "Services\Ordering\Ordering.Application\Ordering.Application.csproj", "{6D1B64E8-E74F-45B2-B2B5-FE5594F77C96}"
EndProject
Project("{FAE04EC0-301F-11D3-BF4B-00C04F79EFBC}") = "BuildingBlocks.Messaging", "BuildingBlocks\BuildingBlocks.Messaging\BuildingBlocks.Messaging\BuildingBlocks.Messaging.csproj", "{54C0CB51-CC7B-4856-8567-12D73D2937FC}"
EndProject
Global
	GlobalSection(SolutionConfigurationPlatforms) = preSolution
		Debug|Any CPU = Debug|Any CPU
		Release|Any CPU = Release|Any CPU
	EndGlobalSection
	GlobalSection(ProjectConfigurationPlatforms) = postSolution
		{69F606F0-CF51-4A43-B1AD-B44A7C2E4363}.Debug|Any CPU.ActiveCfg = Debug|Any CPU
		{69F606F0-CF51-4A43-B1AD-B44A7C2E4363}.Debug|Any CPU.Build.0 = Debug|Any CPU
		{69F606F0-CF51-4A43-B1AD-B44A7C2E4363}.Release|Any CPU.ActiveCfg = Release|Any CPU
		{69F606F0-CF51-4A43-B1AD-B44A7C2E4363}.Release|Any CPU.Build.0 = Release|Any CPU
		{3423F9F7-9D05-4562-A64E-5094B6211146}.Debug|Any CPU.ActiveCfg = Debug|Any CPU
		{3423F9F7-9D05-4562-A64E-5094B6211146}.Debug|Any CPU.Build.0 = Debug|Any CPU
		{3423F9F7-9D05-4562-A64E-5094B6211146}.Release|Any CPU.ActiveCfg = Release|Any CPU
		{3423F9F7-9D05-4562-A64E-5094B6211146}.Release|Any CPU.Build.0 = Release|Any CPU
		{81DDED9D-158B-E303-5F62-77A2896D2A5A}.Debug|Any CPU.ActiveCfg = Debug|Any CPU
		{81DDED9D-158B-E303-5F62-77A2896D2A5A}.Debug|Any CPU.Build.0 = Debug|Any CPU
		{81DDED9D-158B-E303-5F62-77A2896D2A5A}.Release|Any CPU.ActiveCfg = Release|Any CPU
		{81DDED9D-158B-E303-5F62-77A2896D2A5A}.Release|Any CPU.Build.0 = Release|Any CPU
		{21801CF1-84A9-4A3D-A590-D29B11F66F0E}.Debug|Any CPU.ActiveCfg = Debug|Any CPU
		{21801CF1-84A9-4A3D-A590-D29B11F66F0E}.Debug|Any CPU.Build.0 = Debug|Any CPU
		{21801CF1-84A9-4A3D-A590-D29B11F66F0E}.Release|Any CPU.ActiveCfg = Release|Any CPU
		{21801CF1-84A9-4A3D-A590-D29B11F66F0E}.Release|Any CPU.Build.0 = Release|Any CPU
		{F19A647F-266C-4E8B-BCD1-2F00C42C9AE2}.Debug|Any CPU.ActiveCfg = Debug|Any CPU
		{F19A647F-266C-4E8B-BCD1-2F00C42C9AE2}.Debug|Any CPU.Build.0 = Debug|Any CPU
		{F19A647F-266C-4E8B-BCD1-2F00C42C9AE2}.Release|Any CPU.ActiveCfg = Release|Any CPU
		{F19A647F-266C-4E8B-BCD1-2F00C42C9AE2}.Release|Any CPU.Build.0 = Release|Any CPU
		{6F8BCD24-B7BA-4AD9-AB19-C3F73DF492C3}.Debug|Any CPU.ActiveCfg = Debug|Any CPU
		{6F8BCD24-B7BA-4AD9-AB19-C3F73DF492C3}.Debug|Any CPU.Build.0 = Debug|Any CPU
		{6F8BCD24-B7BA-4AD9-AB19-C3F73DF492C3}.Release|Any CPU.ActiveCfg = Release|Any CPU
		{6F8BCD24-B7BA-4AD9-AB19-C3F73DF492C3}.Release|Any CPU.Build.0 = Release|Any CPU
		{E030BE66-3AC6-46B0-BEE1-A21673F0D267}.Debug|Any CPU.ActiveCfg = Debug|Any CPU
		{E030BE66-3AC6-46B0-BEE1-A21673F0D267}.Debug|Any CPU.Build.0 = Debug|Any CPU
		{E030BE66-3AC6-46B0-BEE1-A21673F0D267}.Release|Any CPU.ActiveCfg = Release|Any CPU
		{E030BE66-3AC6-46B0-BEE1-A21673F0D267}.Release|Any CPU.Build.0 = Release|Any CPU
		{13E6E7D0-DB5D-4AFE-A2D7-FE572888159C}.Debug|Any CPU.ActiveCfg = Debug|Any CPU
		{13E6E7D0-DB5D-4AFE-A2D7-FE572888159C}.Debug|Any CPU.Build.0 = Debug|Any CPU
		{13E6E7D0-DB5D-4AFE-A2D7-FE572888159C}.Release|Any CPU.ActiveCfg = Release|Any CPU
		{13E6E7D0-DB5D-4AFE-A2D7-FE572888159C}.Release|Any CPU.Build.0 = Release|Any CPU
		{6D1B64E8-E74F-45B2-B2B5-FE5594F77C96}.Debug|Any CPU.ActiveCfg = Debug|Any CPU
		{6D1B64E8-E74F-45B2-B2B5-FE5594F77C96}.Debug|Any CPU.Build.0 = Debug|Any CPU
		{6D1B64E8-E74F-45B2-B2B5-FE5594F77C96}.Release|Any CPU.ActiveCfg = Release|Any CPU
		{6D1B64E8-E74F-45B2-B2B5-FE5594F77C96}.Release|Any CPU.Build.0 = Release|Any CPU
		{54C0CB51-CC7B-4856-8567-12D73D2937FC}.Debug|Any CPU.ActiveCfg = Debug|Any CPU
		{54C0CB51-CC7B-4856-8567-12D73D2937FC}.Debug|Any CPU.Build.0 = Debug|Any CPU
		{54C0CB51-CC7B-4856-8567-12D73D2937FC}.Release|Any CPU.ActiveCfg = Release|Any CPU
		{54C0CB51-CC7B-4856-8567-12D73D2937FC}.Release|Any CPU.Build.0 = Release|Any CPU
	EndGlobalSection
	GlobalSection(SolutionProperties) = preSolution
		HideSolutionNode = FALSE
	EndGlobalSection
	GlobalSection(NestedProjects) = preSolution
		{2AA0F7D2-6011-4838-8A25-8A09365F319F} = {02EA681E-C7D8-13C7-8484-4AC65E1B71E8}
		{69F606F0-CF51-4A43-B1AD-B44A7C2E4363} = {2AA0F7D2-6011-4838-8A25-8A09365F319F}
		{3423F9F7-9D05-4562-A64E-5094B6211146} = {D6D2A771-B7B2-42A9-8D6E-5A3A577202FD}
		{078AF7F6-5E9C-431D-BE7F-F30A51C6A939} = {02EA681E-C7D8-13C7-8484-4AC65E1B71E8}
		{21801CF1-84A9-4A3D-A590-D29B11F66F0E} = {078AF7F6-5E9C-431D-BE7F-F30A51C6A939}
		{79BBCFE1-E5AF-4A7D-8BB0-09ACA95ADAFF} = {02EA681E-C7D8-13C7-8484-4AC65E1B71E8}
		{F19A647F-266C-4E8B-BCD1-2F00C42C9AE2} = {79BBCFE1-E5AF-4A7D-8BB0-09ACA95ADAFF}
		{C6058FB2-429A-4E65-A8B3-9C6E8EA182A2} = {02EA681E-C7D8-13C7-8484-4AC65E1B71E8}
		{6F8BCD24-B7BA-4AD9-AB19-C3F73DF492C3} = {C6058FB2-429A-4E65-A8B3-9C6E8EA182A2}
		{E030BE66-3AC6-46B0-BEE1-A21673F0D267} = {C6058FB2-429A-4E65-A8B3-9C6E8EA182A2}
		{13E6E7D0-DB5D-4AFE-A2D7-FE572888159C} = {C6058FB2-429A-4E65-A8B3-9C6E8EA182A2}
		{6D1B64E8-E74F-45B2-B2B5-FE5594F77C96} = {C6058FB2-429A-4E65-A8B3-9C6E8EA182A2}
		{54C0CB51-CC7B-4856-8567-12D73D2937FC} = {D6D2A771-B7B2-42A9-8D6E-5A3A577202FD}
	EndGlobalSection
	GlobalSection(ExtensibilityGlobals) = postSolution
		SolutionGuid = {32512E48-7345-4E33-A901-5A3639950C4A}
	EndGlobalSection
EndGlobal
